
Microsoft Visual Studio Solution File, Format Version 12.00
# Visual Studio Version 17
VisualStudioVersion = 17.4.33122.133
MinimumVisualStudioVersion = 10.0.40219.1
Project("{FAE04EC0-301F-11D3-BF4B-00C04F79EFBC}") = "WebAPI", "WebAPI\WebAPI.csproj", "{354ECCE1-FC33-450E-B39F-65AFA27F0A62}"
EndProject
Global
	GlobalSection(SolutionConfigurationPlatforms) = preSolution
		Debug|Any CPU = Debug|Any CPU
		Release|Any CPU = Release|Any CPU
	EndGlobalSection
	GlobalSection(ProjectConfigurationPlatforms) = postSolution
		{354ECCE1-FC33-450E-B39F-65AFA27F0A62}.Debug|Any CPU.ActiveCfg = Debug|Any CPU
		{354ECCE1-FC33-450E-B39F-65AFA27F0A62}.Debug|Any CPU.Build.0 = Debug|Any CPU
		{354ECCE1-FC33-450E-B39F-65AFA27F0A62}.Release|Any CPU.ActiveCfg = Release|Any CPU
		{354ECCE1-FC33-450E-B39F-65AFA27F0A62}.Release|Any CPU.Build.0 = Release|Any CPU
	EndGlobalSection
	GlobalSection(SolutionProperties) = preSolution
		HideSolutionNode = FALSE
	EndGlobalSection
	GlobalSection(ExtensibilityGlobals) = postSolution
		SolutionGuid = {CC85FFF6-1119-41A2-9BD2-644550D4C90C}
	EndGlobalSection
EndGlobal
